
Microsoft Visual Studio Solution File, Format Version 12.00
# Visual Studio Version 17
VisualStudioVersion = 17.0.31903.59
MinimumVisualStudioVersion = 10.0.40219.1
Project("{9A19103F-16F7-4668-BE54-9A1E7A4F7556}") = "Study01", "Study01\Study01.csproj", "{DBB4871C-5C81-44BB-8B1C-C1218C89F7C3}"
EndProject
Project("{FAE04EC0-301F-11D3-BF4B-00C04F79EFBC}") = "Study01Winform", "Study01Winform\Study01Winform.csproj", "{E243CA65-32D9-4552-99AB-E55E464F71C4}"
EndProject
Project("{9A19103F-16F7-4668-BE54-9A1E7A4F7556}") = "Study.WinformExcel", "Study.WinformExcel\Study.WinformExcel.csproj", "{5CDB6F9E-D9A9-4DEA-B461-53D5629D5771}"
EndProject
Project("{9A19103F-16F7-4668-BE54-9A1E7A4F7556}") = "Study.CrawlingTest", "Study.CrawlingTest\Study.CrawlingTest.csproj", "{D43E65EC-4E26-4C23-B040-4158D239EB1E}"
EndProject
Project("{9A19103F-16F7-4668-BE54-9A1E7A4F7556}") = "Study.MultiThreadingTest", "Study.MultiThreadingTest\Study.MultiThreadingTest.csproj", "{3ACCB285-CD79-422E-9263-886DBA8C662F}"
EndProject
Project("{9A19103F-16F7-4668-BE54-9A1E7A4F7556}") = "Study.MultiThreadConsoleTest", "Study.MultiThreadConsoleTest\Study.MultiThreadConsoleTest.csproj", "{A5DC6A57-EC99-49EC-B7B0-93CA7E287AE5}"
EndProject
Project("{9A19103F-16F7-4668-BE54-9A1E7A4F7556}") = "Study.ReflectionConsoleTest", "Study.ReflectionConsoleTest\Study.ReflectionConsoleTest.csproj", "{C7B2DF88-C1D6-4C4B-9334-5C0289C74572}"
EndProject
Project("{9A19103F-16F7-4668-BE54-9A1E7A4F7556}") = "Study.Lib", "Study.Lib\Study.Lib.csproj", "{2BCA9704-71D1-4349-B5D7-C57F4FD9921D}"
EndProject
Project("{9A19103F-16F7-4668-BE54-9A1E7A4F7556}") = "Study.DatabaseTest", "Study.DatabaseTest\Study.DatabaseTest.csproj", "{120C0D01-2554-4778-AA36-9DAA6B8CB722}"
EndProject
Project("{2150E333-8FDC-42A3-9474-1A3956D46DE8}") = "StudyTest", "StudyTest", "{0EE135BC-C6D8-41E2-A90C-CAE7624AEB9D}"
EndProject
Project("{2150E333-8FDC-42A3-9474-1A3956D46DE8}") = "Project1", "Project1", "{C7572B72-6717-4653-BCC7-6ADD45D35EE0}"
EndProject
Project("{9A19103F-16F7-4668-BE54-9A1E7A4F7556}") = "Study.ProjectApp1", "Study.ProjectApp1\Study.ProjectApp1.csproj", "{75CCBCD5-BBE3-4922-B139-E2FA05A3F0C6}"
EndProject
Project("{9A19103F-16F7-4668-BE54-9A1E7A4F7556}") = "Study.Core", "Study.Core\Study.Core.csproj", "{14BBCC10-4683-4893-A1C7-B0E7BD0673BB}"
EndProject
Project("{FAE04EC0-301F-11D3-BF4B-00C04F79EFBC}") = "Study.Controls", "Study.Controls\Study.Controls.csproj", "{28F31020-24DA-438A-A706-3897E994AEF5}"
EndProject
Project("{FAE04EC0-301F-11D3-BF4B-00C04F79EFBC}") = "Study.Module.Manage", "Study.Module.Manage\Study.Module.Manage.csproj", "{AA92DE17-72A4-415C-B286-AB74C2E29CD0}"
EndProject
Global
	GlobalSection(SolutionConfigurationPlatforms) = preSolution
		Debug|Any CPU = Debug|Any CPU
		Release|Any CPU = Release|Any CPU
	EndGlobalSection
	GlobalSection(ProjectConfigurationPlatforms) = postSolution
		{DBB4871C-5C81-44BB-8B1C-C1218C89F7C3}.Debug|Any CPU.ActiveCfg = Debug|Any CPU
		{DBB4871C-5C81-44BB-8B1C-C1218C89F7C3}.Debug|Any CPU.Build.0 = Debug|Any CPU
		{DBB4871C-5C81-44BB-8B1C-C1218C89F7C3}.Release|Any CPU.ActiveCfg = Release|Any CPU
		{DBB4871C-5C81-44BB-8B1C-C1218C89F7C3}.Release|Any CPU.Build.0 = Release|Any CPU
		{E243CA65-32D9-4552-99AB-E55E464F71C4}.Debug|Any CPU.ActiveCfg = Debug|Any CPU
		{E243CA65-32D9-4552-99AB-E55E464F71C4}.Debug|Any CPU.Build.0 = Debug|Any CPU
		{E243CA65-32D9-4552-99AB-E55E464F71C4}.Release|Any CPU.ActiveCfg = Release|Any CPU
		{E243CA65-32D9-4552-99AB-E55E464F71C4}.Release|Any CPU.Build.0 = Release|Any CPU
		{5CDB6F9E-D9A9-4DEA-B461-53D5629D5771}.Debug|Any CPU.ActiveCfg = Debug|Any CPU
		{5CDB6F9E-D9A9-4DEA-B461-53D5629D5771}.Debug|Any CPU.Build.0 = Debug|Any CPU
		{5CDB6F9E-D9A9-4DEA-B461-53D5629D5771}.Release|Any CPU.ActiveCfg = Release|Any CPU
		{5CDB6F9E-D9A9-4DEA-B461-53D5629D5771}.Release|Any CPU.Build.0 = Release|Any CPU
		{D43E65EC-4E26-4C23-B040-4158D239EB1E}.Debug|Any CPU.ActiveCfg = Debug|Any CPU
		{D43E65EC-4E26-4C23-B040-4158D239EB1E}.Debug|Any CPU.Build.0 = Debug|Any CPU
		{D43E65EC-4E26-4C23-B040-4158D239EB1E}.Release|Any CPU.ActiveCfg = Release|Any CPU
		{D43E65EC-4E26-4C23-B040-4158D239EB1E}.Release|Any CPU.Build.0 = Release|Any CPU
		{3ACCB285-CD79-422E-9263-886DBA8C662F}.Debug|Any CPU.ActiveCfg = Debug|Any CPU
		{3ACCB285-CD79-422E-9263-886DBA8C662F}.Debug|Any CPU.Build.0 = Debug|Any CPU
		{3ACCB285-CD79-422E-9263-886DBA8C662F}.Release|Any CPU.ActiveCfg = Release|Any CPU
		{3ACCB285-CD79-422E-9263-886DBA8C662F}.Release|Any CPU.Build.0 = Release|Any CPU
		{A5DC6A57-EC99-49EC-B7B0-93CA7E287AE5}.Debug|Any CPU.ActiveCfg = Debug|Any CPU
		{A5DC6A57-EC99-49EC-B7B0-93CA7E287AE5}.Debug|Any CPU.Build.0 = Debug|Any CPU
		{A5DC6A57-EC99-49EC-B7B0-93CA7E287AE5}.Release|Any CPU.ActiveCfg = Release|Any CPU
		{A5DC6A57-EC99-49EC-B7B0-93CA7E287AE5}.Release|Any CPU.Build.0 = Release|Any CPU
		{C7B2DF88-C1D6-4C4B-9334-5C0289C74572}.Debug|Any CPU.ActiveCfg = Debug|Any CPU
		{C7B2DF88-C1D6-4C4B-9334-5C0289C74572}.Debug|Any CPU.Build.0 = Debug|Any CPU
		{C7B2DF88-C1D6-4C4B-9334-5C0289C74572}.Release|Any CPU.ActiveCfg = Release|Any CPU
		{C7B2DF88-C1D6-4C4B-9334-5C0289C74572}.Release|Any CPU.Build.0 = Release|Any CPU
		{2BCA9704-71D1-4349-B5D7-C57F4FD9921D}.Debug|Any CPU.ActiveCfg = Debug|Any CPU
		{2BCA9704-71D1-4349-B5D7-C57F4FD9921D}.Debug|Any CPU.Build.0 = Debug|Any CPU
		{2BCA9704-71D1-4349-B5D7-C57F4FD9921D}.Release|Any CPU.ActiveCfg = Release|Any CPU
		{2BCA9704-71D1-4349-B5D7-C57F4FD9921D}.Release|Any CPU.Build.0 = Release|Any CPU
		{120C0D01-2554-4778-AA36-9DAA6B8CB722}.Debug|Any CPU.ActiveCfg = Debug|Any CPU
		{120C0D01-2554-4778-AA36-9DAA6B8CB722}.Debug|Any CPU.Build.0 = Debug|Any CPU
		{120C0D01-2554-4778-AA36-9DAA6B8CB722}.Release|Any CPU.ActiveCfg = Release|Any CPU
		{120C0D01-2554-4778-AA36-9DAA6B8CB722}.Release|Any CPU.Build.0 = Release|Any CPU
		{75CCBCD5-BBE3-4922-B139-E2FA05A3F0C6}.Debug|Any CPU.ActiveCfg = Debug|Any CPU
		{75CCBCD5-BBE3-4922-B139-E2FA05A3F0C6}.Debug|Any CPU.Build.0 = Debug|Any CPU
		{75CCBCD5-BBE3-4922-B139-E2FA05A3F0C6}.Release|Any CPU.ActiveCfg = Release|Any CPU
		{75CCBCD5-BBE3-4922-B139-E2FA05A3F0C6}.Release|Any CPU.Build.0 = Release|Any CPU
		{14BBCC10-4683-4893-A1C7-B0E7BD0673BB}.Debug|Any CPU.ActiveCfg = Debug|Any CPU
		{14BBCC10-4683-4893-A1C7-B0E7BD0673BB}.Debug|Any CPU.Build.0 = Debug|Any CPU
		{14BBCC10-4683-4893-A1C7-B0E7BD0673BB}.Release|Any CPU.ActiveCfg = Release|Any CPU
		{14BBCC10-4683-4893-A1C7-B0E7BD0673BB}.Release|Any CPU.Build.0 = Release|Any CPU
		{28F31020-24DA-438A-A706-3897E994AEF5}.Debug|Any CPU.ActiveCfg = Debug|Any CPU
		{28F31020-24DA-438A-A706-3897E994AEF5}.Debug|Any CPU.Build.0 = Debug|Any CPU
		{28F31020-24DA-438A-A706-3897E994AEF5}.Release|Any CPU.ActiveCfg = Release|Any CPU
		{28F31020-24DA-438A-A706-3897E994AEF5}.Release|Any CPU.Build.0 = Release|Any CPU
		{AA92DE17-72A4-415C-B286-AB74C2E29CD0}.Debug|Any CPU.ActiveCfg = Debug|Any CPU
		{AA92DE17-72A4-415C-B286-AB74C2E29CD0}.Debug|Any CPU.Build.0 = Debug|Any CPU
		{AA92DE17-72A4-415C-B286-AB74C2E29CD0}.Release|Any CPU.ActiveCfg = Release|Any CPU
		{AA92DE17-72A4-415C-B286-AB74C2E29CD0}.Release|Any CPU.Build.0 = Release|Any CPU
	EndGlobalSection
	GlobalSection(SolutionProperties) = preSolution
		HideSolutionNode = FALSE
	EndGlobalSection
	GlobalSection(NestedProjects) = preSolution
		{DBB4871C-5C81-44BB-8B1C-C1218C89F7C3} = {0EE135BC-C6D8-41E2-A90C-CAE7624AEB9D}
		{E243CA65-32D9-4552-99AB-E55E464F71C4} = {0EE135BC-C6D8-41E2-A90C-CAE7624AEB9D}
		{5CDB6F9E-D9A9-4DEA-B461-53D5629D5771} = {0EE135BC-C6D8-41E2-A90C-CAE7624AEB9D}
		{D43E65EC-4E26-4C23-B040-4158D239EB1E} = {0EE135BC-C6D8-41E2-A90C-CAE7624AEB9D}
		{3ACCB285-CD79-422E-9263-886DBA8C662F} = {0EE135BC-C6D8-41E2-A90C-CAE7624AEB9D}
		{A5DC6A57-EC99-49EC-B7B0-93CA7E287AE5} = {0EE135BC-C6D8-41E2-A90C-CAE7624AEB9D}
		{C7B2DF88-C1D6-4C4B-9334-5C0289C74572} = {0EE135BC-C6D8-41E2-A90C-CAE7624AEB9D}
		{2BCA9704-71D1-4349-B5D7-C57F4FD9921D} = {0EE135BC-C6D8-41E2-A90C-CAE7624AEB9D}
		{120C0D01-2554-4778-AA36-9DAA6B8CB722} = {0EE135BC-C6D8-41E2-A90C-CAE7624AEB9D}
		{75CCBCD5-BBE3-4922-B139-E2FA05A3F0C6} = {C7572B72-6717-4653-BCC7-6ADD45D35EE0}
		{14BBCC10-4683-4893-A1C7-B0E7BD0673BB} = {C7572B72-6717-4653-BCC7-6ADD45D35EE0}
		{28F31020-24DA-438A-A706-3897E994AEF5} = {C7572B72-6717-4653-BCC7-6ADD45D35EE0}
		{AA92DE17-72A4-415C-B286-AB74C2E29CD0} = {C7572B72-6717-4653-BCC7-6ADD45D35EE0}
	EndGlobalSection
	GlobalSection(ExtensibilityGlobals) = postSolution
		SolutionGuid = {C7937474-AA4A-434B-9983-DEE2FDB68D80}
	EndGlobalSection
EndGlobal
